// !$*UTF8*$!
{
	archiveVersion = 1;
	classes = {
	};
	objectVersion = 46;
	objects = {

/* Begin PBXBuildFile section */
		1813EF031BEEE861009F834A /* Session.m in Sources */ = {isa = PBXBuildFile; fileRef = 1813EF021BEEE861009F834A /* Session.m */; };
		1813EF091BEEF812009F834A /* TweetTableViewCell.m in Sources */ = {isa = PBXBuildFile; fileRef = 1813EF071BEEF812009F834A /* TweetTableViewCell.m */; };
		1813EF0A1BEEF812009F834A /* TweetTableViewCell.xib in Resources */ = {isa = PBXBuildFile; fileRef = 1813EF081BEEF812009F834A /* TweetTableViewCell.xib */; };
		1813EF121BEFDAFB009F834A /* Utils.m in Sources */ = {isa = PBXBuildFile; fileRef = 1813EF111BEFDAFB009F834A /* Utils.m */; };
		187AE7BF1BEFECB40032CA49 /* ComposeTweetViewController.m in Sources */ = {isa = PBXBuildFile; fileRef = 187AE7BD1BEFECB40032CA49 /* ComposeTweetViewController.m */; };
		187AE7C01BEFECB40032CA49 /* ComposeTweetViewController.xib in Resources */ = {isa = PBXBuildFile; fileRef = 187AE7BE1BEFECB40032CA49 /* ComposeTweetViewController.xib */; };
		187AE7C41BF039F60032CA49 /* TweetDetailViewController.m in Sources */ = {isa = PBXBuildFile; fileRef = 187AE7C21BF039F60032CA49 /* TweetDetailViewController.m */; };
		187AE7C51BF039F60032CA49 /* TweetDetailViewController.xib in Resources */ = {isa = PBXBuildFile; fileRef = 187AE7C31BF039F60032CA49 /* TweetDetailViewController.xib */; };
		18BE8ADE1BE9AF3B00ECE005 /* main.m in Sources */ = {isa = PBXBuildFile; fileRef = 18BE8ADD1BE9AF3B00ECE005 /* main.m */; };
		18BE8AE11BE9AF3B00ECE005 /* AppDelegate.m in Sources */ = {isa = PBXBuildFile; fileRef = 18BE8AE01BE9AF3B00ECE005 /* AppDelegate.m */; };
		18BE8AE91BE9AF3B00ECE005 /* Assets.xcassets in Resources */ = {isa = PBXBuildFile; fileRef = 18BE8AE81BE9AF3B00ECE005 /* Assets.xcassets */; };
		18BE8AEC1BE9AF3B00ECE005 /* LaunchScreen.storyboard in Resources */ = {isa = PBXBuildFile; fileRef = 18BE8AEA1BE9AF3B00ECE005 /* LaunchScreen.storyboard */; };
		18BE8AF71BE9BDDC00ECE005 /* LoginViewController.m in Sources */ = {isa = PBXBuildFile; fileRef = 18BE8AF51BE9BDDC00ECE005 /* LoginViewController.m */; };
		18BE8AF81BE9BDDC00ECE005 /* LoginViewController.xib in Resources */ = {isa = PBXBuildFile; fileRef = 18BE8AF61BE9BDDC00ECE005 /* LoginViewController.xib */; };
		18BE8AFC1BE9BECE00ECE005 /* TwitterClient.m in Sources */ = {isa = PBXBuildFile; fileRef = 18BE8AFB1BE9BECE00ECE005 /* TwitterClient.m */; };
		18BE8B001BEE81A300ECE005 /* Tweet.m in Sources */ = {isa = PBXBuildFile; fileRef = 18BE8AFF1BEE81A300ECE005 /* Tweet.m */; };
		18BE8B031BEE81AD00ECE005 /* User.m in Sources */ = {isa = PBXBuildFile; fileRef = 18BE8B021BEE81AD00ECE005 /* User.m */; };
		18BE8B071BEE84D200ECE005 /* TimelineViewController.m in Sources */ = {isa = PBXBuildFile; fileRef = 18BE8B051BEE84D200ECE005 /* TimelineViewController.m */; };
		18BE8B081BEE84D200ECE005 /* TimelineViewController.xib in Resources */ = {isa = PBXBuildFile; fileRef = 18BE8B061BEE84D200ECE005 /* TimelineViewController.xib */; };
		18C527311BF80C3600C5D54F /* alpes.jpg in Resources */ = {isa = PBXBuildFile; fileRef = 18C5272E1BF80C3600C5D54F /* alpes.jpg */; };
		18C527321BF80C3600C5D54F /* avatar.jpg in Resources */ = {isa = PBXBuildFile; fileRef = 18C5272F1BF80C3600C5D54F /* avatar.jpg */; };
		18C527331BF80C3600C5D54F /* vegetation.jpg in Resources */ = {isa = PBXBuildFile; fileRef = 18C527301BF80C3600C5D54F /* vegetation.jpg */; };
		18C527391BFA359800C5D54F /* CustomNavigationViewController.m in Sources */ = {isa = PBXBuildFile; fileRef = 18C527381BFA359800C5D54F /* CustomNavigationViewController.m */; };
		3F24C78D11294235869F9FA9 /* libPods-Twitter.a in Frameworks */ = {isa = PBXBuildFile; fileRef = 231B8AF66D4D95AAFF3E676C /* libPods-Twitter.a */; };
		CD12F7FE1BF6E0A00080EC3A /* UserSession.m in Sources */ = {isa = PBXBuildFile; fileRef = CD12F7FD1BF6E0A00080EC3A /* UserSession.m */; };
		CD12F8021BF6F1EE0080EC3A /* ProfileViewController.m in Sources */ = {isa = PBXBuildFile; fileRef = CD12F8001BF6F1EE0080EC3A /* ProfileViewController.m */; };
		CD12F8031BF6F1EE0080EC3A /* ProfileViewController.xib in Resources */ = {isa = PBXBuildFile; fileRef = CD12F8011BF6F1EE0080EC3A /* ProfileViewController.xib */; };
		CDD6D2711BF577C700F9BA77 /* HamburgerMenuViewController.m in Sources */ = {isa = PBXBuildFile; fileRef = CDD6D26F1BF577C700F9BA77 /* HamburgerMenuViewController.m */; };
		CDD6D2721BF577C700F9BA77 /* HamburgerMenuViewController.xib in Resources */ = {isa = PBXBuildFile; fileRef = CDD6D2701BF577C700F9BA77 /* HamburgerMenuViewController.xib */; };
		CDD6D2761BF59A6B00F9BA77 /* MenuViewController.m in Sources */ = {isa = PBXBuildFile; fileRef = CDD6D2741BF59A6B00F9BA77 /* MenuViewController.m */; };
		CDD6D2771BF59A6B00F9BA77 /* MenuViewController.xib in Resources */ = {isa = PBXBuildFile; fileRef = CDD6D2751BF59A6B00F9BA77 /* MenuViewController.xib */; };
/* End PBXBuildFile section */

/* Begin PBXFileReference section */
		1813EF011BEEE861009F834A /* Session.h */ = {isa = PBXFileReference; fileEncoding = 4; lastKnownFileType = sourcecode.c.h; path = Session.h; sourceTree = "<group>"; };
		1813EF021BEEE861009F834A /* Session.m */ = {isa = PBXFileReference; fileEncoding = 4; lastKnownFileType = sourcecode.c.objc; path = Session.m; sourceTree = "<group>"; };
		1813EF061BEEF812009F834A /* TweetTableViewCell.h */ = {isa = PBXFileReference; fileEncoding = 4; lastKnownFileType = sourcecode.c.h; path = TweetTableViewCell.h; sourceTree = "<group>"; };
		1813EF071BEEF812009F834A /* TweetTableViewCell.m */ = {isa = PBXFileReference; fileEncoding = 4; lastKnownFileType = sourcecode.c.objc; path = TweetTableViewCell.m; sourceTree = "<group>"; };
		1813EF081BEEF812009F834A /* TweetTableViewCell.xib */ = {isa = PBXFileReference; fileEncoding = 4; lastKnownFileType = file.xib; path = TweetTableViewCell.xib; sourceTree = "<group>"; };
		1813EF101BEFDAFB009F834A /* Utils.h */ = {isa = PBXFileReference; fileEncoding = 4; lastKnownFileType = sourcecode.c.h; path = Utils.h; sourceTree = "<group>"; };
		1813EF111BEFDAFB009F834A /* Utils.m */ = {isa = PBXFileReference; fileEncoding = 4; lastKnownFileType = sourcecode.c.objc; path = Utils.m; sourceTree = "<group>"; };
		187AE7BC1BEFECB40032CA49 /* ComposeTweetViewController.h */ = {isa = PBXFileReference; fileEncoding = 4; lastKnownFileType = sourcecode.c.h; path = ComposeTweetViewController.h; sourceTree = "<group>"; };
		187AE7BD1BEFECB40032CA49 /* ComposeTweetViewController.m */ = {isa = PBXFileReference; fileEncoding = 4; lastKnownFileType = sourcecode.c.objc; path = ComposeTweetViewController.m; sourceTree = "<group>"; };
		187AE7BE1BEFECB40032CA49 /* ComposeTweetViewController.xib */ = {isa = PBXFileReference; fileEncoding = 4; lastKnownFileType = file.xib; path = ComposeTweetViewController.xib; sourceTree = "<group>"; };
		187AE7C11BF039F60032CA49 /* TweetDetailViewController.h */ = {isa = PBXFileReference; fileEncoding = 4; lastKnownFileType = sourcecode.c.h; path = TweetDetailViewController.h; sourceTree = "<group>"; };
		187AE7C21BF039F60032CA49 /* TweetDetailViewController.m */ = {isa = PBXFileReference; fileEncoding = 4; lastKnownFileType = sourcecode.c.objc; path = TweetDetailViewController.m; sourceTree = "<group>"; };
		187AE7C31BF039F60032CA49 /* TweetDetailViewController.xib */ = {isa = PBXFileReference; fileEncoding = 4; lastKnownFileType = file.xib; path = TweetDetailViewController.xib; sourceTree = "<group>"; };
		18BE8AD91BE9AF3B00ECE005 /* Twitter.app */ = {isa = PBXFileReference; explicitFileType = wrapper.application; includeInIndex = 0; path = Twitter.app; sourceTree = BUILT_PRODUCTS_DIR; };
		18BE8ADD1BE9AF3B00ECE005 /* main.m */ = {isa = PBXFileReference; lastKnownFileType = sourcecode.c.objc; path = main.m; sourceTree = "<group>"; };
		18BE8ADF1BE9AF3B00ECE005 /* AppDelegate.h */ = {isa = PBXFileReference; lastKnownFileType = sourcecode.c.h; path = AppDelegate.h; sourceTree = "<group>"; };
		18BE8AE01BE9AF3B00ECE005 /* AppDelegate.m */ = {isa = PBXFileReference; lastKnownFileType = sourcecode.c.objc; path = AppDelegate.m; sourceTree = "<group>"; };
		18BE8AE81BE9AF3B00ECE005 /* Assets.xcassets */ = {isa = PBXFileReference; lastKnownFileType = folder.assetcatalog; path = Assets.xcassets; sourceTree = "<group>"; };
		18BE8AEB1BE9AF3B00ECE005 /* Base */ = {isa = PBXFileReference; lastKnownFileType = file.storyboard; name = Base; path = Base.lproj/LaunchScreen.storyboard; sourceTree = "<group>"; };
		18BE8AED1BE9AF3B00ECE005 /* Info.plist */ = {isa = PBXFileReference; lastKnownFileType = text.plist.xml; path = Info.plist; sourceTree = "<group>"; };
		18BE8AF41BE9BDDC00ECE005 /* LoginViewController.h */ = {isa = PBXFileReference; fileEncoding = 4; lastKnownFileType = sourcecode.c.h; path = LoginViewController.h; sourceTree = "<group>"; };
		18BE8AF51BE9BDDC00ECE005 /* LoginViewController.m */ = {isa = PBXFileReference; fileEncoding = 4; lastKnownFileType = sourcecode.c.objc; path = LoginViewController.m; sourceTree = "<group>"; };
		18BE8AF61BE9BDDC00ECE005 /* LoginViewController.xib */ = {isa = PBXFileReference; fileEncoding = 4; lastKnownFileType = file.xib; path = LoginViewController.xib; sourceTree = "<group>"; };
		18BE8AFA1BE9BECE00ECE005 /* TwitterClient.h */ = {isa = PBXFileReference; fileEncoding = 4; lastKnownFileType = sourcecode.c.h; path = TwitterClient.h; sourceTree = "<group>"; };
		18BE8AFB1BE9BECE00ECE005 /* TwitterClient.m */ = {isa = PBXFileReference; fileEncoding = 4; lastKnownFileType = sourcecode.c.objc; path = TwitterClient.m; sourceTree = "<group>"; };
		18BE8AFE1BEE81A300ECE005 /* Tweet.h */ = {isa = PBXFileReference; fileEncoding = 4; lastKnownFileType = sourcecode.c.h; path = Tweet.h; sourceTree = "<group>"; };
		18BE8AFF1BEE81A300ECE005 /* Tweet.m */ = {isa = PBXFileReference; fileEncoding = 4; lastKnownFileType = sourcecode.c.objc; path = Tweet.m; sourceTree = "<group>"; };
		18BE8B011BEE81AD00ECE005 /* User.h */ = {isa = PBXFileReference; fileEncoding = 4; lastKnownFileType = sourcecode.c.h; path = User.h; sourceTree = "<group>"; };
		18BE8B021BEE81AD00ECE005 /* User.m */ = {isa = PBXFileReference; fileEncoding = 4; lastKnownFileType = sourcecode.c.objc; path = User.m; sourceTree = "<group>"; };
		18BE8B041BEE84D200ECE005 /* TimelineViewController.h */ = {isa = PBXFileReference; fileEncoding = 4; lastKnownFileType = sourcecode.c.h; path = TimelineViewController.h; sourceTree = "<group>"; };
		18BE8B051BEE84D200ECE005 /* TimelineViewController.m */ = {isa = PBXFileReference; fileEncoding = 4; lastKnownFileType = sourcecode.c.objc; path = TimelineViewController.m; sourceTree = "<group>"; };
		18BE8B061BEE84D200ECE005 /* TimelineViewController.xib */ = {isa = PBXFileReference; fileEncoding = 4; lastKnownFileType = file.xib; path = TimelineViewController.xib; sourceTree = "<group>"; };
		18C5272E1BF80C3600C5D54F /* alpes.jpg */ = {isa = PBXFileReference; lastKnownFileType = image.jpeg; path = alpes.jpg; sourceTree = "<group>"; };
		18C5272F1BF80C3600C5D54F /* avatar.jpg */ = {isa = PBXFileReference; lastKnownFileType = image.jpeg; path = avatar.jpg; sourceTree = "<group>"; };
		18C527301BF80C3600C5D54F /* vegetation.jpg */ = {isa = PBXFileReference; lastKnownFileType = image.jpeg; path = vegetation.jpg; sourceTree = "<group>"; };
		18C527371BFA359800C5D54F /* CustomNavigationViewController.h */ = {isa = PBXFileReference; fileEncoding = 4; lastKnownFileType = sourcecode.c.h; path = CustomNavigationViewController.h; sourceTree = "<group>"; };
		18C527381BFA359800C5D54F /* CustomNavigationViewController.m */ = {isa = PBXFileReference; fileEncoding = 4; lastKnownFileType = sourcecode.c.objc; path = CustomNavigationViewController.m; sourceTree = "<group>"; };
		231B8AF66D4D95AAFF3E676C /* libPods-Twitter.a */ = {isa = PBXFileReference; explicitFileType = archive.ar; includeInIndex = 0; path = "libPods-Twitter.a"; sourceTree = BUILT_PRODUCTS_DIR; };
		410A9F58E15D1B0D9B1B4CFB /* Pods-Twitter.debug.xcconfig */ = {isa = PBXFileReference; includeInIndex = 1; lastKnownFileType = text.xcconfig; name = "Pods-Twitter.debug.xcconfig"; path = "Pods/Target Support Files/Pods-Twitter/Pods-Twitter.debug.xcconfig"; sourceTree = "<group>"; };
		CD12F7FC1BF6E0A00080EC3A /* UserSession.h */ = {isa = PBXFileReference; fileEncoding = 4; lastKnownFileType = sourcecode.c.h; path = UserSession.h; sourceTree = "<group>"; };
		CD12F7FD1BF6E0A00080EC3A /* UserSession.m */ = {isa = PBXFileReference; fileEncoding = 4; lastKnownFileType = sourcecode.c.objc; path = UserSession.m; sourceTree = "<group>"; };
		CD12F7FF1BF6F1EE0080EC3A /* ProfileViewController.h */ = {isa = PBXFileReference; fileEncoding = 4; lastKnownFileType = sourcecode.c.h; path = ProfileViewController.h; sourceTree = "<group>"; };
		CD12F8001BF6F1EE0080EC3A /* ProfileViewController.m */ = {isa = PBXFileReference; fileEncoding = 4; lastKnownFileType = sourcecode.c.objc; path = ProfileViewController.m; sourceTree = "<group>"; };
		CD12F8011BF6F1EE0080EC3A /* ProfileViewController.xib */ = {isa = PBXFileReference; fileEncoding = 4; lastKnownFileType = file.xib; path = ProfileViewController.xib; sourceTree = "<group>"; };
		CDD6D26E1BF577C700F9BA77 /* HamburgerMenuViewController.h */ = {isa = PBXFileReference; fileEncoding = 4; lastKnownFileType = sourcecode.c.h; path = HamburgerMenuViewController.h; sourceTree = "<group>"; };
		CDD6D26F1BF577C700F9BA77 /* HamburgerMenuViewController.m */ = {isa = PBXFileReference; fileEncoding = 4; lastKnownFileType = sourcecode.c.objc; path = HamburgerMenuViewController.m; sourceTree = "<group>"; };
		CDD6D2701BF577C700F9BA77 /* HamburgerMenuViewController.xib */ = {isa = PBXFileReference; fileEncoding = 4; lastKnownFileType = file.xib; path = HamburgerMenuViewController.xib; sourceTree = "<group>"; };
		CDD6D2731BF59A6B00F9BA77 /* MenuViewController.h */ = {isa = PBXFileReference; fileEncoding = 4; lastKnownFileType = sourcecode.c.h; path = MenuViewController.h; sourceTree = "<group>"; };
		CDD6D2741BF59A6B00F9BA77 /* MenuViewController.m */ = {isa = PBXFileReference; fileEncoding = 4; lastKnownFileType = sourcecode.c.objc; path = MenuViewController.m; sourceTree = "<group>"; };
		CDD6D2751BF59A6B00F9BA77 /* MenuViewController.xib */ = {isa = PBXFileReference; fileEncoding = 4; lastKnownFileType = file.xib; path = MenuViewController.xib; sourceTree = "<group>"; };
		E18B9FBE8C78D0817A64DD3C /* Pods-Twitter.release.xcconfig */ = {isa = PBXFileReference; includeInIndex = 1; lastKnownFileType = text.xcconfig; name = "Pods-Twitter.release.xcconfig"; path = "Pods/Target Support Files/Pods-Twitter/Pods-Twitter.release.xcconfig"; sourceTree = "<group>"; };
/* End PBXFileReference section */

/* Begin PBXFrameworksBuildPhase section */
		18BE8AD61BE9AF3B00ECE005 /* Frameworks */ = {
			isa = PBXFrameworksBuildPhase;
			buildActionMask = 2147483647;
			files = (
				3F24C78D11294235869F9FA9 /* libPods-Twitter.a in Frameworks */,
			);
			runOnlyForDeploymentPostprocessing = 0;
		};
/* End PBXFrameworksBuildPhase section */

/* Begin PBXGroup section */
		0573B5BF2BACD5707C8D12B1 /* Pods */ = {
			isa = PBXGroup;
			children = (
				410A9F58E15D1B0D9B1B4CFB /* Pods-Twitter.debug.xcconfig */,
				E18B9FBE8C78D0817A64DD3C /* Pods-Twitter.release.xcconfig */,
			);
			name = Pods;
			sourceTree = "<group>";
		};
		1813EF041BEEF7C5009F834A /* Views */ = {
			isa = PBXGroup;
			children = (
				1813EF061BEEF812009F834A /* TweetTableViewCell.h */,
				1813EF071BEEF812009F834A /* TweetTableViewCell.m */,
				1813EF081BEEF812009F834A /* TweetTableViewCell.xib */,
			);
			name = Views;
			sourceTree = "<group>";
		};
		1813EF051BEEF7E6009F834A /* App */ = {
			isa = PBXGroup;
			children = (
				18BE8ADF1BE9AF3B00ECE005 /* AppDelegate.h */,
				18BE8AE01BE9AF3B00ECE005 /* AppDelegate.m */,
				18BE8AE81BE9AF3B00ECE005 /* Assets.xcassets */,
				18BE8AED1BE9AF3B00ECE005 /* Info.plist */,
				18BE8AEA1BE9AF3B00ECE005 /* LaunchScreen.storyboard */,
				CD12F7FC1BF6E0A00080EC3A /* UserSession.h */,
				CD12F7FD1BF6E0A00080EC3A /* UserSession.m */,
			);
			name = App;
			sourceTree = "<group>";
		};
		18BE8AD01BE9AF3B00ECE005 = {
			isa = PBXGroup;
			children = (
				18BE8ADB1BE9AF3B00ECE005 /* Twitter */,
				18BE8ADA1BE9AF3B00ECE005 /* Products */,
				0573B5BF2BACD5707C8D12B1 /* Pods */,
				4CE2142AB27BF7154CDCCD37 /* Frameworks */,
			);
			sourceTree = "<group>";
		};
		18BE8ADA1BE9AF3B00ECE005 /* Products */ = {
			isa = PBXGroup;
			children = (
				18BE8AD91BE9AF3B00ECE005 /* Twitter.app */,
			);
			name = Products;
			sourceTree = "<group>";
		};
		18BE8ADB1BE9AF3B00ECE005 /* Twitter */ = {
			isa = PBXGroup;
			children = (
				1813EF051BEEF7E6009F834A /* App */,
				18BE8AF91BE9BE9D00ECE005 /* Client */,
				18BE8AFD1BEE819200ECE005 /* Models */,
				18BE8AF31BE9BDB800ECE005 /* ViewControllers */,
				1813EF041BEEF7C5009F834A /* Views */,
				18BE8ADC1BE9AF3B00ECE005 /* Supporting Files */,
			);
			path = Twitter;
			sourceTree = "<group>";
		};
		18BE8ADC1BE9AF3B00ECE005 /* Supporting Files */ = {
			isa = PBXGroup;
			children = (
				18C5272E1BF80C3600C5D54F /* alpes.jpg */,
				18C5272F1BF80C3600C5D54F /* avatar.jpg */,
				18C527301BF80C3600C5D54F /* vegetation.jpg */,
				18BE8ADD1BE9AF3B00ECE005 /* main.m */,
				1813EF101BEFDAFB009F834A /* Utils.h */,
				1813EF111BEFDAFB009F834A /* Utils.m */,
			);
			name = "Supporting Files";
			sourceTree = "<group>";
		};
		18BE8AF31BE9BDB800ECE005 /* ViewControllers */ = {
			isa = PBXGroup;
			children = (
				18BE8B041BEE84D200ECE005 /* TimelineViewController.h */,
				18BE8B051BEE84D200ECE005 /* TimelineViewController.m */,
				18BE8B061BEE84D200ECE005 /* TimelineViewController.xib */,
				18BE8AF41BE9BDDC00ECE005 /* LoginViewController.h */,
				18BE8AF51BE9BDDC00ECE005 /* LoginViewController.m */,
				18BE8AF61BE9BDDC00ECE005 /* LoginViewController.xib */,
				187AE7BC1BEFECB40032CA49 /* ComposeTweetViewController.h */,
				187AE7BD1BEFECB40032CA49 /* ComposeTweetViewController.m */,
				187AE7BE1BEFECB40032CA49 /* ComposeTweetViewController.xib */,
				187AE7C11BF039F60032CA49 /* TweetDetailViewController.h */,
				187AE7C21BF039F60032CA49 /* TweetDetailViewController.m */,
				187AE7C31BF039F60032CA49 /* TweetDetailViewController.xib */,
				CDD6D26E1BF577C700F9BA77 /* HamburgerMenuViewController.h */,
				CDD6D26F1BF577C700F9BA77 /* HamburgerMenuViewController.m */,
				CDD6D2701BF577C700F9BA77 /* HamburgerMenuViewController.xib */,
				CDD6D2731BF59A6B00F9BA77 /* MenuViewController.h */,
				CDD6D2741BF59A6B00F9BA77 /* MenuViewController.m */,
				CDD6D2751BF59A6B00F9BA77 /* MenuViewController.xib */,
				CD12F7FF1BF6F1EE0080EC3A /* ProfileViewController.h */,
				CD12F8001BF6F1EE0080EC3A /* ProfileViewController.m */,
				CD12F8011BF6F1EE0080EC3A /* ProfileViewController.xib */,
				18C527371BFA359800C5D54F /* CustomNavigationViewController.h */,
				18C527381BFA359800C5D54F /* CustomNavigationViewController.m */,
			);
			name = ViewControllers;
			sourceTree = "<group>";
		};
		18BE8AF91BE9BE9D00ECE005 /* Client */ = {
			isa = PBXGroup;
			children = (
				18BE8AFA1BE9BECE00ECE005 /* TwitterClient.h */,
				18BE8AFB1BE9BECE00ECE005 /* TwitterClient.m */,
			);
			name = Client;
			sourceTree = "<group>";
		};
		18BE8AFD1BEE819200ECE005 /* Models */ = {
			isa = PBXGroup;
			children = (
				18BE8AFE1BEE81A300ECE005 /* Tweet.h */,
				18BE8AFF1BEE81A300ECE005 /* Tweet.m */,
				18BE8B011BEE81AD00ECE005 /* User.h */,
				18BE8B021BEE81AD00ECE005 /* User.m */,
				1813EF011BEEE861009F834A /* Session.h */,
				1813EF021BEEE861009F834A /* Session.m */,
			);
			name = Models;
			sourceTree = "<group>";
		};
		4CE2142AB27BF7154CDCCD37 /* Frameworks */ = {
			isa = PBXGroup;
			children = (
				231B8AF66D4D95AAFF3E676C /* libPods-Twitter.a */,
			);
			name = Frameworks;
			sourceTree = "<group>";
		};
/* End PBXGroup section */

/* Begin PBXNativeTarget section */
		18BE8AD81BE9AF3B00ECE005 /* Twitter */ = {
			isa = PBXNativeTarget;
			buildConfigurationList = 18BE8AF01BE9AF3B00ECE005 /* Build configuration list for PBXNativeTarget "Twitter" */;
			buildPhases = (
				E1D73B587BB24B580B21772C /* Check Pods Manifest.lock */,
				18BE8AD51BE9AF3B00ECE005 /* Sources */,
				18BE8AD61BE9AF3B00ECE005 /* Frameworks */,
				18BE8AD71BE9AF3B00ECE005 /* Resources */,
				5E76E79FE8F593515FA40685 /* Embed Pods Frameworks */,
				038509C0E5841C90EBB3A89B /* Copy Pods Resources */,
			);
			buildRules = (
			);
			dependencies = (
			);
			name = Twitter;
			productName = Twitter;
			productReference = 18BE8AD91BE9AF3B00ECE005 /* Twitter.app */;
			productType = "com.apple.product-type.application";
		};
/* End PBXNativeTarget section */

/* Begin PBXProject section */
		18BE8AD11BE9AF3B00ECE005 /* Project object */ = {
			isa = PBXProject;
			attributes = {
				LastUpgradeCheck = 0710;
				ORGANIZATIONNAME = "Juan Pablo Marzetti";
				TargetAttributes = {
					18BE8AD81BE9AF3B00ECE005 = {
						CreatedOnToolsVersion = 7.1;
					};
				};
			};
			buildConfigurationList = 18BE8AD41BE9AF3B00ECE005 /* Build configuration list for PBXProject "Twitter" */;
			compatibilityVersion = "Xcode 3.2";
			developmentRegion = English;
			hasScannedForEncodings = 0;
			knownRegions = (
				en,
				Base,
			);
			mainGroup = 18BE8AD01BE9AF3B00ECE005;
			productRefGroup = 18BE8ADA1BE9AF3B00ECE005 /* Products */;
			projectDirPath = "";
			projectRoot = "";
			targets = (
				18BE8AD81BE9AF3B00ECE005 /* Twitter */,
			);
		};
/* End PBXProject section */

/* Begin PBXResourcesBuildPhase section */
		18BE8AD71BE9AF3B00ECE005 /* Resources */ = {
			isa = PBXResourcesBuildPhase;
			buildActionMask = 2147483647;
			files = (
				187AE7C51BF039F60032CA49 /* TweetDetailViewController.xib in Resources */,
				1813EF0A1BEEF812009F834A /* TweetTableViewCell.xib in Resources */,
				18C527331BF80C3600C5D54F /* vegetation.jpg in Resources */,
				18C527311BF80C3600C5D54F /* alpes.jpg in Resources */,
				18BE8AF81BE9BDDC00ECE005 /* LoginViewController.xib in Resources */,
				18BE8B081BEE84D200ECE005 /* TimelineViewController.xib in Resources */,
				CDD6D2771BF59A6B00F9BA77 /* MenuViewController.xib in Resources */,
				187AE7C01BEFECB40032CA49 /* ComposeTweetViewController.xib in Resources */,
				18BE8AEC1BE9AF3B00ECE005 /* LaunchScreen.storyboard in Resources */,
				18C527321BF80C3600C5D54F /* avatar.jpg in Resources */,
				CDD6D2721BF577C700F9BA77 /* HamburgerMenuViewController.xib in Resources */,
				CD12F8031BF6F1EE0080EC3A /* ProfileViewController.xib in Resources */,
				18BE8AE91BE9AF3B00ECE005 /* Assets.xcassets in Resources */,
			);
			runOnlyForDeploymentPostprocessing = 0;
		};
/* End PBXResourcesBuildPhase section */

/* Begin PBXShellScriptBuildPhase section */
		038509C0E5841C90EBB3A89B /* Copy Pods Resources */ = {
			isa = PBXShellScriptBuildPhase;
			buildActionMask = 2147483647;
			files = (
			);
			inputPaths = (
			);
			name = "Copy Pods Resources";
			outputPaths = (
			);
			runOnlyForDeploymentPostprocessing = 0;
			shellPath = /bin/sh;
			shellScript = "\"${SRCROOT}/Pods/Target Support Files/Pods-Twitter/Pods-Twitter-resources.sh\"\n";
			showEnvVarsInLog = 0;
		};
		5E76E79FE8F593515FA40685 /* Embed Pods Frameworks */ = {
			isa = PBXShellScriptBuildPhase;
			buildActionMask = 2147483647;
			files = (
			);
			inputPaths = (
			);
			name = "Embed Pods Frameworks";
			outputPaths = (
			);
			runOnlyForDeploymentPostprocessing = 0;
			shellPath = /bin/sh;
			shellScript = "\"${SRCROOT}/Pods/Target Support Files/Pods-Twitter/Pods-Twitter-frameworks.sh\"\n";
			showEnvVarsInLog = 0;
		};
		E1D73B587BB24B580B21772C /* Check Pods Manifest.lock */ = {
			isa = PBXShellScriptBuildPhase;
			buildActionMask = 2147483647;
			files = (
			);
			inputPaths = (
			);
			name = "Check Pods Manifest.lock";
			outputPaths = (
			);
			runOnlyForDeploymentPostprocessing = 0;
			shellPath = /bin/sh;
			shellScript = "diff \"${PODS_ROOT}/../Podfile.lock\" \"${PODS_ROOT}/Manifest.lock\" > /dev/null\nif [[ $? != 0 ]] ; then\n    cat << EOM\nerror: The sandbox is not in sync with the Podfile.lock. Run 'pod install' or update your CocoaPods installation.\nEOM\n    exit 1\nfi\n";
			showEnvVarsInLog = 0;
		};
/* End PBXShellScriptBuildPhase section */

/* Begin PBXSourcesBuildPhase section */
		18BE8AD51BE9AF3B00ECE005 /* Sources */ = {
			isa = PBXSourcesBuildPhase;
			buildActionMask = 2147483647;
			files = (
				1813EF031BEEE861009F834A /* Session.m in Sources */,
				18BE8AF71BE9BDDC00ECE005 /* LoginViewController.m in Sources */,
				CD12F8021BF6F1EE0080EC3A /* ProfileViewController.m in Sources */,
				18BE8B071BEE84D200ECE005 /* TimelineViewController.m in Sources */,
				1813EF121BEFDAFB009F834A /* Utils.m in Sources */,
				CD12F7FE1BF6E0A00080EC3A /* UserSession.m in Sources */,
				18BE8B031BEE81AD00ECE005 /* User.m in Sources */,
				18C527391BFA359800C5D54F /* CustomNavigationViewController.m in Sources */,
				187AE7C41BF039F60032CA49 /* TweetDetailViewController.m in Sources */,
				18BE8AFC1BE9BECE00ECE005 /* TwitterClient.m in Sources */,
				1813EF091BEEF812009F834A /* TweetTableViewCell.m in Sources */,
				18BE8B001BEE81A300ECE005 /* Tweet.m in Sources */,
				187AE7BF1BEFECB40032CA49 /* ComposeTweetViewController.m in Sources */,
				CDD6D2711BF577C700F9BA77 /* HamburgerMenuViewController.m in Sources */,
				CDD6D2761BF59A6B00F9BA77 /* MenuViewController.m in Sources */,
				18BE8AE11BE9AF3B00ECE005 /* AppDelegate.m in Sources */,
				18BE8ADE1BE9AF3B00ECE005 /* main.m in Sources */,
			);
			runOnlyForDeploymentPostprocessing = 0;
		};
/* End PBXSourcesBuildPhase section */

/* Begin PBXVariantGroup section */
		18BE8AEA1BE9AF3B00ECE005 /* LaunchScreen.storyboard */ = {
			isa = PBXVariantGroup;
			children = (
				18BE8AEB1BE9AF3B00ECE005 /* Base */,
			);
			name = LaunchScreen.storyboard;
			sourceTree = "<group>";
		};
/* End PBXVariantGroup section */

/* Begin XCBuildConfiguration section */
		18BE8AEE1BE9AF3B00ECE005 /* Debug */ = {
			isa = XCBuildConfiguration;
			buildSettings = {
				ALWAYS_SEARCH_USER_PATHS = NO;
				CLANG_CXX_LANGUAGE_STANDARD = "gnu++0x";
				CLANG_CXX_LIBRARY = "libc++";
				CLANG_ENABLE_MODULES = YES;
				CLANG_ENABLE_OBJC_ARC = YES;
				CLANG_WARN_BOOL_CONVERSION = YES;
				CLANG_WARN_CONSTANT_CONVERSION = YES;
				CLANG_WARN_DIRECT_OBJC_ISA_USAGE = YES_ERROR;
				CLANG_WARN_EMPTY_BODY = YES;
				CLANG_WARN_ENUM_CONVERSION = YES;
				CLANG_WARN_INT_CONVERSION = YES;
				CLANG_WARN_OBJC_ROOT_CLASS = YES_ERROR;
				CLANG_WARN_UNREACHABLE_CODE = YES;
				CLANG_WARN__DUPLICATE_METHOD_MATCH = YES;
				"CODE_SIGN_IDENTITY[sdk=iphoneos*]" = "iPhone Developer";
				COPY_PHASE_STRIP = NO;
				DEBUG_INFORMATION_FORMAT = dwarf;
				ENABLE_STRICT_OBJC_MSGSEND = YES;
				ENABLE_TESTABILITY = YES;
				GCC_C_LANGUAGE_STANDARD = gnu99;
				GCC_DYNAMIC_NO_PIC = NO;
				GCC_NO_COMMON_BLOCKS = YES;
				GCC_OPTIMIZATION_LEVEL = 0;
				GCC_PREPROCESSOR_DEFINITIONS = (
					"DEBUG=1",
					"$(inherited)",
				);
				GCC_WARN_64_TO_32_BIT_CONVERSION = YES;
				GCC_WARN_ABOUT_RETURN_TYPE = YES_ERROR;
				GCC_WARN_UNDECLARED_SELECTOR = YES;
				GCC_WARN_UNINITIALIZED_AUTOS = YES_AGGRESSIVE;
				GCC_WARN_UNUSED_FUNCTION = YES;
				GCC_WARN_UNUSED_VARIABLE = YES;
				IPHONEOS_DEPLOYMENT_TARGET = 9.1;
				MTL_ENABLE_DEBUG_INFO = YES;
				ONLY_ACTIVE_ARCH = YES;
				SDKROOT = iphoneos;
				TARGETED_DEVICE_FAMILY = "1,2";
			};
			name = Debug;
		};
		18BE8AEF1BE9AF3B00ECE005 /* Release */ = {
			isa = XCBuildConfiguration;
			buildSettings = {
				ALWAYS_SEARCH_USER_PATHS = NO;
				CLANG_CXX_LANGUAGE_STANDARD = "gnu++0x";
				CLANG_CXX_LIBRARY = "libc++";
				CLANG_ENABLE_MODULES = YES;
				CLANG_ENABLE_OBJC_ARC = YES;
				CLANG_WARN_BOOL_CONVERSION = YES;
				CLANG_WARN_CONSTANT_CONVERSION = YES;
				CLANG_WARN_DIRECT_OBJC_ISA_USAGE = YES_ERROR;
				CLANG_WARN_EMPTY_BODY = YES;
				CLANG_WARN_ENUM_CONVERSION = YES;
				CLANG_WARN_INT_CONVERSION = YES;
				CLANG_WARN_OBJC_ROOT_CLASS = YES_ERROR;
				CLANG_WARN_UNREACHABLE_CODE = YES;
				CLANG_WARN__DUPLICATE_METHOD_MATCH = YES;
				"CODE_SIGN_IDENTITY[sdk=iphoneos*]" = "iPhone Developer";
				COPY_PHASE_STRIP = NO;
				DEBUG_INFORMATION_FORMAT = "dwarf-with-dsym";
				ENABLE_NS_ASSERTIONS = NO;
				ENABLE_STRICT_OBJC_MSGSEND = YES;
				GCC_C_LANGUAGE_STANDARD = gnu99;
				GCC_NO_COMMON_BLOCKS = YES;
				GCC_WARN_64_TO_32_BIT_CONVERSION = YES;
				GCC_WARN_ABOUT_RETURN_TYPE = YES_ERROR;
				GCC_WARN_UNDECLARED_SELECTOR = YES;
				GCC_WARN_UNINITIALIZED_AUTOS = YES_AGGRESSIVE;
				GCC_WARN_UNUSED_FUNCTION = YES;
				GCC_WARN_UNUSED_VARIABLE = YES;
				IPHONEOS_DEPLOYMENT_TARGET = 9.1;
				MTL_ENABLE_DEBUG_INFO = NO;
				SDKROOT = iphoneos;
				TARGETED_DEVICE_FAMILY = "1,2";
				VALIDATE_PRODUCT = YES;
			};
			name = Release;
		};
		18BE8AF11BE9AF3B00ECE005 /* Debug */ = {
			isa = XCBuildConfiguration;
			baseConfigurationReference = 410A9F58E15D1B0D9B1B4CFB /* Pods-Twitter.debug.xcconfig */;
			buildSettings = {
				ASSETCATALOG_COMPILER_APPICON_NAME = AppIcon;
				INFOPLIST_FILE = Twitter/Info.plist;
				LD_RUNPATH_SEARCH_PATHS = "$(inherited) @executable_path/Frameworks";
				PRODUCT_BUNDLE_IDENTIFIER = yonpols.iosclass.Twitter;
				PRODUCT_NAME = "$(TARGET_NAME)";
				TARGETED_DEVICE_FAMILY = 1;
			};
			name = Debug;
		};
		18BE8AF21BE9AF3B00ECE005 /* Release */ = {
			isa = XCBuildConfiguration;
			baseConfigurationReference = E18B9FBE8C78D0817A64DD3C /* Pods-Twitter.release.xcconfig */;
			buildSettings = {
				ASSETCATALOG_COMPILER_APPICON_NAME = AppIcon;
				INFOPLIST_FILE = Twitter/Info.plist;
				LD_RUNPATH_SEARCH_PATHS = "$(inherited) @executable_path/Frameworks";
				PRODUCT_BUNDLE_IDENTIFIER = yonpols.iosclass.Twitter;
				PRODUCT_NAME = "$(TARGET_NAME)";
				TARGETED_DEVICE_FAMILY = 1;
			};
			name = Release;
		};
/* End XCBuildConfiguration section */

/* Begin XCConfigurationList section */
		18BE8AD41BE9AF3B00ECE005 /* Build configuration list for PBXProject "Twitter" */ = {
			isa = XCConfigurationList;
			buildConfigurations = (
				18BE8AEE1BE9AF3B00ECE005 /* Debug */,
				18BE8AEF1BE9AF3B00ECE005 /* Release */,
			);
			defaultConfigurationIsVisible = 0;
			defaultConfigurationName = Release;
		};
		18BE8AF01BE9AF3B00ECE005 /* Build configuration list for PBXNativeTarget "Twitter" */ = {
			isa = XCConfigurationList;
			buildConfigurations = (
				18BE8AF11BE9AF3B00ECE005 /* Debug */,
				18BE8AF21BE9AF3B00ECE005 /* Release */,
			);
			defaultConfigurationIsVisible = 0;
			defaultConfigurationName = Release;
		};
/* End XCConfigurationList section */
	};
	rootObject = 18BE8AD11BE9AF3B00ECE005 /* Project object */;
}
